
Microsoft Visual Studio Solution File, Format Version 12.00
# Visual Studio 2013
VisualStudioVersion = 12.0.31101.0
MinimumVisualStudioVersion = 10.0.40219.1
Project("{FAE04EC0-301F-11D3-BF4B-00C04F79EFBC}") = "OneNoteRibbonAddIn", "OneNoteRibbonAddIn\OneNoteRibbonAddIn.csproj", "{2AB62600-D24A-430F-8097-43839904886F}"
EndProject
Project("{54435603-DBB4-11D2-8724-00A0C9A8B90C}") = "OneNoteRibbonAddInSetup", "OneNoteRibbonAddInSetup\OneNoteRibbonAddInSetup.vdproj", "{C8D29FA6-2B24-41BA-9388-E11D297DE3D4}"
EndProject
Global
	GlobalSection(SolutionConfigurationPlatforms) = preSolution
		Debug|Any CPU = Debug|Any CPU
		Release|Any CPU = Release|Any CPU
	EndGlobalSection
	GlobalSection(ProjectConfigurationPlatforms) = postSolution
		{2AB62600-D24A-430F-8097-43839904886F}.Debug|Any CPU.ActiveCfg = Debug|Any CPU
		{2AB62600-D24A-430F-8097-43839904886F}.Debug|Any CPU.Build.0 = Debug|Any CPU
		{2AB62600-D24A-430F-8097-43839904886F}.Release|Any CPU.ActiveCfg = Release|Any CPU
		{2AB62600-D24A-430F-8097-43839904886F}.Release|Any CPU.Build.0 = Release|Any CPU
		{C8D29FA6-2B24-41BA-9388-E11D297DE3D4}.Debug|Any CPU.ActiveCfg = Debug
		{C8D29FA6-2B24-41BA-9388-E11D297DE3D4}.Debug|Any CPU.Build.0 = Debug
		{C8D29FA6-2B24-41BA-9388-E11D297DE3D4}.Release|Any CPU.ActiveCfg = Release
	EndGlobalSection
	GlobalSection(SolutionProperties) = preSolution
		HideSolutionNode = FALSE
	EndGlobalSection
EndGlobal
